
Microsoft Visual Studio Solution File, Format Version 12.00
# Visual Studio Version 17
VisualStudioVersion = 17.10.34916.146
MinimumVisualStudioVersion = 10.0.40219.1
Project("{2150E333-8FDC-42A3-9474-1A3956D46DE8}") = "Services", "Services", "{CE6CB449-CA30-4F86-8EF5-396390AB9BD8}"
EndProject
Project("{2150E333-8FDC-42A3-9474-1A3956D46DE8}") = "Catalog", "Catalog", "{60E41026-D059-494A-B325-7C93366708AD}"
EndProject
Project("{FAE04EC0-301F-11D3-BF4B-00C04F79EFBC}") = "Catalog.API", "src\Services\Catalog\Catalog.API\Catalog.API.csproj", "{9B06834E-09E7-45EA-9BA8-32469779C228}"
EndProject
Project("{2150E333-8FDC-42A3-9474-1A3956D46DE8}") = "BuildingBlocks", "BuildingBlocks", "{3CF2EFFE-5EA4-450B-ACAD-D1241F3E17E7}"
EndProject
Project("{FAE04EC0-301F-11D3-BF4B-00C04F79EFBC}") = "BuildingBlocks", "src\BuildingBlocks\BuildingBlocks\BuildingBlocks.csproj", "{03D4FBE8-60F6-4A17-A4B4-F384FE3F446F}"
EndProject
Global
	GlobalSection(SolutionConfigurationPlatforms) = preSolution
		Debug|Any CPU = Debug|Any CPU
		Release|Any CPU = Release|Any CPU
	EndGlobalSection
	GlobalSection(ProjectConfigurationPlatforms) = postSolution
		{9B06834E-09E7-45EA-9BA8-32469779C228}.Debug|Any CPU.ActiveCfg = Debug|Any CPU
		{9B06834E-09E7-45EA-9BA8-32469779C228}.Debug|Any CPU.Build.0 = Debug|Any CPU
		{9B06834E-09E7-45EA-9BA8-32469779C228}.Release|Any CPU.ActiveCfg = Release|Any CPU
		{9B06834E-09E7-45EA-9BA8-32469779C228}.Release|Any CPU.Build.0 = Release|Any CPU
		{03D4FBE8-60F6-4A17-A4B4-F384FE3F446F}.Debug|Any CPU.ActiveCfg = Debug|Any CPU
		{03D4FBE8-60F6-4A17-A4B4-F384FE3F446F}.Debug|Any CPU.Build.0 = Debug|Any CPU
		{03D4FBE8-60F6-4A17-A4B4-F384FE3F446F}.Release|Any CPU.ActiveCfg = Release|Any CPU
		{03D4FBE8-60F6-4A17-A4B4-F384FE3F446F}.Release|Any CPU.Build.0 = Release|Any CPU
	EndGlobalSection
	GlobalSection(SolutionProperties) = preSolution
		HideSolutionNode = FALSE
	EndGlobalSection
	GlobalSection(NestedProjects) = preSolution
		{60E41026-D059-494A-B325-7C93366708AD} = {CE6CB449-CA30-4F86-8EF5-396390AB9BD8}
		{9B06834E-09E7-45EA-9BA8-32469779C228} = {60E41026-D059-494A-B325-7C93366708AD}
		{03D4FBE8-60F6-4A17-A4B4-F384FE3F446F} = {3CF2EFFE-5EA4-450B-ACAD-D1241F3E17E7}
	EndGlobalSection
	GlobalSection(ExtensibilityGlobals) = postSolution
		SolutionGuid = {A3079242-6B19-4B43-8358-400D8CF7B605}
	EndGlobalSection
EndGlobal
